
Microsoft Visual Studio Solution File, Format Version 12.00
# Visual Studio 2012
Project("{FAE04EC0-301F-11D3-BF4B-00C04F79EFBC}") = "GeoLocalizationBL", "GeoLocalizationBL\GeoLocalizationBL.csproj", "{B3B28D89-91D6-4C82-BAA3-FF2D80BDE94B}"
EndProject
Project("{FAE04EC0-301F-11D3-BF4B-00C04F79EFBC}") = "GeoLocalizationDL", "GeoLocalizationDL\GeoLocalizationDL.csproj", "{677346B8-BCCD-42FA-8309-484E48E234C5}"
EndProject
Project("{FAE04EC0-301F-11D3-BF4B-00C04F79EFBC}") = "GeoLocalizationUT", "GeoLocalizationUT\GeoLocalizationUT.csproj", "{C9AE2B0D-EDA3-4CA6-B841-7781414FC866}"
EndProject
Project("{FAE04EC0-301F-11D3-BF4B-00C04F79EFBC}") = "GeoLocalizationCL", "GeoLocalizationCL\GeoLocalizationCL.csproj", "{B51EDBE2-3461-40C4-B77F-522E52329656}"
EndProject
Project("{FAE04EC0-301F-11D3-BF4B-00C04F79EFBC}") = "GeoLocalizationWS", "GeoLocalizationWS\GeoLocalizationWS.csproj", "{B0EF2EFE-0E9E-4044-BAB4-47F9046B3F23}"
EndProject
Global
	GlobalSection(SolutionConfigurationPlatforms) = preSolution
		Debug|Any CPU = Debug|Any CPU
		Release|Any CPU = Release|Any CPU
	EndGlobalSection
	GlobalSection(ProjectConfigurationPlatforms) = postSolution
		{B3B28D89-91D6-4C82-BAA3-FF2D80BDE94B}.Debug|Any CPU.ActiveCfg = Debug|Any CPU
		{B3B28D89-91D6-4C82-BAA3-FF2D80BDE94B}.Debug|Any CPU.Build.0 = Debug|Any CPU
		{B3B28D89-91D6-4C82-BAA3-FF2D80BDE94B}.Release|Any CPU.ActiveCfg = Release|Any CPU
		{B3B28D89-91D6-4C82-BAA3-FF2D80BDE94B}.Release|Any CPU.Build.0 = Release|Any CPU
		{677346B8-BCCD-42FA-8309-484E48E234C5}.Debug|Any CPU.ActiveCfg = Debug|Any CPU
		{677346B8-BCCD-42FA-8309-484E48E234C5}.Debug|Any CPU.Build.0 = Debug|Any CPU
		{677346B8-BCCD-42FA-8309-484E48E234C5}.Release|Any CPU.ActiveCfg = Release|Any CPU
		{677346B8-BCCD-42FA-8309-484E48E234C5}.Release|Any CPU.Build.0 = Release|Any CPU
		{C9AE2B0D-EDA3-4CA6-B841-7781414FC866}.Debug|Any CPU.ActiveCfg = Debug|Any CPU
		{C9AE2B0D-EDA3-4CA6-B841-7781414FC866}.Debug|Any CPU.Build.0 = Debug|Any CPU
		{C9AE2B0D-EDA3-4CA6-B841-7781414FC866}.Release|Any CPU.ActiveCfg = Release|Any CPU
		{C9AE2B0D-EDA3-4CA6-B841-7781414FC866}.Release|Any CPU.Build.0 = Release|Any CPU
		{B51EDBE2-3461-40C4-B77F-522E52329656}.Debug|Any CPU.ActiveCfg = Debug|Any CPU
		{B51EDBE2-3461-40C4-B77F-522E52329656}.Debug|Any CPU.Build.0 = Debug|Any CPU
		{B51EDBE2-3461-40C4-B77F-522E52329656}.Release|Any CPU.ActiveCfg = Release|Any CPU
		{B51EDBE2-3461-40C4-B77F-522E52329656}.Release|Any CPU.Build.0 = Release|Any CPU
		{B0EF2EFE-0E9E-4044-BAB4-47F9046B3F23}.Debug|Any CPU.ActiveCfg = Debug|Any CPU
		{B0EF2EFE-0E9E-4044-BAB4-47F9046B3F23}.Debug|Any CPU.Build.0 = Debug|Any CPU
		{B0EF2EFE-0E9E-4044-BAB4-47F9046B3F23}.Release|Any CPU.ActiveCfg = Release|Any CPU
		{B0EF2EFE-0E9E-4044-BAB4-47F9046B3F23}.Release|Any CPU.Build.0 = Release|Any CPU
	EndGlobalSection
	GlobalSection(SolutionProperties) = preSolution
		HideSolutionNode = FALSE
	EndGlobalSection
EndGlobal
